{
  "name": "npm",
  "version": "1.0.0",
  "lockfileVersion": 3,
  "requires": true,
  "packages": {
    "": {
      "name": "npm",
      "version": "1.0.0",
      "license": "ISC",
      "dependencies": {
        "is-email": "^1.0.2",
        "password-validator": "^5.3.0"
      }
    },
    "node_modules/is-email": {
      "version": "1.0.2",
      "resolved": "https://registry.npmjs.org/is-email/-/is-email-1.0.2.tgz",
      "integrity": "sha512-UojUgD2EhDTBQ2SGKwrK9edce5phRzgLsP+V5+Uu2Swi+uvjVXgH3zduM3HhT9iaC/9Kq19/TYUbP0jPoi6ioA=="
    },
    "node_modules/password-validator": {
      "version": "5.3.0",
      "resolved": "https://registry.npmjs.org/password-validator/-/password-validator-5.3.0.tgz",
      "integrity": "sha512-Q+bSEM5pjokZqzWGoQaoylkeWeH4+9uMYlVImiPD0EOJClQ2RPBhrJ5h0OjhMKtwOmu5rRcLaTZo5Gk9RBl0ig==",
      "engines": {
        "node": ">=8.10.0"
      }
    }
  }
}
